
Microsoft Visual Studio Solution File, Format Version 12.00
# Visual Studio Version 16
VisualStudioVersion = 16.0.31424.327
MinimumVisualStudioVersion = 10.0.40219.1
Project("{FAE04EC0-301F-11D3-BF4B-00C04F79EFBC}") = "TicketSystem", "TicketSystem\TicketSystem.csproj", "{64DD69A3-FE5D-42BE-A7FD-743E626D66B3}"
EndProject
Project("{FAE04EC0-301F-11D3-BF4B-00C04F79EFBC}") = "TicketSystem.Service", "TicketSystem.Service\TicketSystem.Service.csproj", "{F65F976B-0EC3-49C0-AA25-105388DA5ED5}"
EndProject
Project("{FAE04EC0-301F-11D3-BF4B-00C04F79EFBC}") = "TicketSystem.Data", "TicketSystem.Data\TicketSystem.Data.csproj", "{13C4BE0B-6348-457F-B8AA-7EC5BAC2B136}"
EndProject
Global
	GlobalSection(SolutionConfigurationPlatforms) = preSolution
		Debug|Any CPU = Debug|Any CPU
		Release|Any CPU = Release|Any CPU
	EndGlobalSection
	GlobalSection(ProjectConfigurationPlatforms) = postSolution
		{64DD69A3-FE5D-42BE-A7FD-743E626D66B3}.Debug|Any CPU.ActiveCfg = Debug|Any CPU
		{64DD69A3-FE5D-42BE-A7FD-743E626D66B3}.Debug|Any CPU.Build.0 = Debug|Any CPU
		{64DD69A3-FE5D-42BE-A7FD-743E626D66B3}.Release|Any CPU.ActiveCfg = Release|Any CPU
		{64DD69A3-FE5D-42BE-A7FD-743E626D66B3}.Release|Any CPU.Build.0 = Release|Any CPU
		{F65F976B-0EC3-49C0-AA25-105388DA5ED5}.Debug|Any CPU.ActiveCfg = Debug|Any CPU
		{F65F976B-0EC3-49C0-AA25-105388DA5ED5}.Debug|Any CPU.Build.0 = Debug|Any CPU
		{F65F976B-0EC3-49C0-AA25-105388DA5ED5}.Release|Any CPU.ActiveCfg = Release|Any CPU
		{F65F976B-0EC3-49C0-AA25-105388DA5ED5}.Release|Any CPU.Build.0 = Release|Any CPU
		{13C4BE0B-6348-457F-B8AA-7EC5BAC2B136}.Debug|Any CPU.ActiveCfg = Debug|Any CPU
		{13C4BE0B-6348-457F-B8AA-7EC5BAC2B136}.Debug|Any CPU.Build.0 = Debug|Any CPU
		{13C4BE0B-6348-457F-B8AA-7EC5BAC2B136}.Release|Any CPU.ActiveCfg = Release|Any CPU
		{13C4BE0B-6348-457F-B8AA-7EC5BAC2B136}.Release|Any CPU.Build.0 = Release|Any CPU
	EndGlobalSection
	GlobalSection(SolutionProperties) = preSolution
		HideSolutionNode = FALSE
	EndGlobalSection
	GlobalSection(ExtensibilityGlobals) = postSolution
		SolutionGuid = {B9E6611A-4444-48B2-BD25-CC272B55FC05}
	EndGlobalSection
EndGlobal
